
Microsoft Visual Studio Solution File, Format Version 12.00
# Visual Studio Version 17
VisualStudioVersion = 17.0.31919.166
MinimumVisualStudioVersion = 10.0.40219.1
Project("{FAE04EC0-301F-11D3-BF4B-00C04F79EFBC}") = "EFCore.Domain", "EFCore.Domain\EFCore.Domain.csproj", "{297D2BD7-107D-4065-8773-8B2FAABC9F3D}"
EndProject
Project("{FAE04EC0-301F-11D3-BF4B-00C04F79EFBC}") = "EFCore.Data", "EFCore.Data\EFCore.Data.csproj", "{467C178F-2994-4970-AA05-227B419322D8}"
EndProject
Project("{FAE04EC0-301F-11D3-BF4B-00C04F79EFBC}") = "EFCore.UI", "EFCore.UI\EFCore.UI.csproj", "{C0E95406-7191-4A2F-A800-4C86293E4D77}"
EndProject
Global
	GlobalSection(SolutionConfigurationPlatforms) = preSolution
		Debug|Any CPU = Debug|Any CPU
		Release|Any CPU = Release|Any CPU
	EndGlobalSection
	GlobalSection(ProjectConfigurationPlatforms) = postSolution
		{297D2BD7-107D-4065-8773-8B2FAABC9F3D}.Debug|Any CPU.ActiveCfg = Debug|Any CPU
		{297D2BD7-107D-4065-8773-8B2FAABC9F3D}.Debug|Any CPU.Build.0 = Debug|Any CPU
		{297D2BD7-107D-4065-8773-8B2FAABC9F3D}.Release|Any CPU.ActiveCfg = Release|Any CPU
		{297D2BD7-107D-4065-8773-8B2FAABC9F3D}.Release|Any CPU.Build.0 = Release|Any CPU
		{467C178F-2994-4970-AA05-227B419322D8}.Debug|Any CPU.ActiveCfg = Debug|Any CPU
		{467C178F-2994-4970-AA05-227B419322D8}.Debug|Any CPU.Build.0 = Debug|Any CPU
		{467C178F-2994-4970-AA05-227B419322D8}.Release|Any CPU.ActiveCfg = Release|Any CPU
		{467C178F-2994-4970-AA05-227B419322D8}.Release|Any CPU.Build.0 = Release|Any CPU
		{C0E95406-7191-4A2F-A800-4C86293E4D77}.Debug|Any CPU.ActiveCfg = Debug|Any CPU
		{C0E95406-7191-4A2F-A800-4C86293E4D77}.Debug|Any CPU.Build.0 = Debug|Any CPU
		{C0E95406-7191-4A2F-A800-4C86293E4D77}.Release|Any CPU.ActiveCfg = Release|Any CPU
		{C0E95406-7191-4A2F-A800-4C86293E4D77}.Release|Any CPU.Build.0 = Release|Any CPU
	EndGlobalSection
	GlobalSection(SolutionProperties) = preSolution
		HideSolutionNode = FALSE
	EndGlobalSection
	GlobalSection(ExtensibilityGlobals) = postSolution
		SolutionGuid = {5468944E-2B3A-48CB-9853-1AD08744EAA5}
	EndGlobalSection
EndGlobal
